
Microsoft Visual Studio Solution File, Format Version 12.00
# Visual Studio Version 17
VisualStudioVersion = 17.4.33213.308
MinimumVisualStudioVersion = 10.0.40219.1
Project("{FAE04EC0-301F-11D3-BF4B-00C04F79EFBC}") = "WeatherAppApi", "WeatherAppApi.csproj", "{2B581D4A-5FEF-4A38-8E9C-8308873C031E}"
EndProject
Global
	GlobalSection(SolutionConfigurationPlatforms) = preSolution
		Debug|Any CPU = Debug|Any CPU
		Release|Any CPU = Release|Any CPU
	EndGlobalSection
	GlobalSection(ProjectConfigurationPlatforms) = postSolution
		{2B581D4A-5FEF-4A38-8E9C-8308873C031E}.Debug|Any CPU.ActiveCfg = Debug|Any CPU
		{2B581D4A-5FEF-4A38-8E9C-8308873C031E}.Debug|Any CPU.Build.0 = Debug|Any CPU
		{2B581D4A-5FEF-4A38-8E9C-8308873C031E}.Release|Any CPU.ActiveCfg = Release|Any CPU
		{2B581D4A-5FEF-4A38-8E9C-8308873C031E}.Release|Any CPU.Build.0 = Release|Any CPU
	EndGlobalSection
	GlobalSection(SolutionProperties) = preSolution
		HideSolutionNode = FALSE
	EndGlobalSection
	GlobalSection(ExtensibilityGlobals) = postSolution
		SolutionGuid = {8F9E0CD0-D584-4143-82DA-7F5A048A0F07}
	EndGlobalSection
EndGlobal
